<?xml version="1.0" encoding="utf-8"?>
<Project ToolsVersion="4.0" xmlns="http://schemas.microsoft.com/developer/msbuild/2003">
  <ItemGroup>
    <Filter Include="Source Files">
      <UniqueIdentifier>{4FC737F1-C7A5-4376-A066-2A32D752A2FF}</UniqueIdentifier>
      <Extensions>cpp;c;cc;cxx;def;odl;idl;hpj;bat;asm;asmx</Extensions>
    </Filter>
    <Filter Include="Header Files">
      <UniqueIdentifier>{93995380-89BD-4b04-88EB-625FBE52EBFB}</UniqueIdentifier>
      <Extensions>h;hpp;hxx;hm;inl;inc;xsd</Extensions>
    </Filter>
    <Filter Include="Resource Files">
      <UniqueIdentifier>{67DA6AB6-F800-4c08-8B7A-83BB121AAD01}</UniqueIdentifier>
      <Extensions>rc;ico;cur;bmp;dlg;rc2;rct;bin;rgs;gif;jpg;jpeg;jpe;resx;tiff;tif;png;wav;mfcribbon-ms</Extensions>
    </Filter>
  </ItemGroup>
  <ItemGroup>
    <None Include="ReadMe.txt" />
  </ItemGroup>
  <ItemGroup>
    <ClCompile Include="Checkers3D.cpp">
      <Filter>Source Files</Filter>
    </ClCompile>
    <ClCompile Include="checkersBackground.cpp">
      <Filter>Source Files</Filter>
    </ClCompile>
    <ClCompile Include="checkersBoard.cpp">
      <Filter>Source Files</Filter>
    </ClCompile>
    <ClCompile Include="checkersBoardOverlay.cpp">
      <Filter>Source Files</Filter>
    </ClCompile>
    <ClCompile Include="checkersGameScene.cpp">
      <Filter>Source Files</Filter>
    </ClCompile>
    <ClCompile Include="checkersIntroScene.cpp">
      <Filter>Source Files</Filter>
    </ClCompile>
    <ClCompile Include="checkersMenuScene.cpp">
      <Filter>Source Files</Filter>
    </ClCompile>
    <ClCompile Include="checkersPiece.cpp">
      <Filter>Source Files</Filter>
    </ClCompile>
    <ClCompile Include="checkersPlane.cpp">
      <Filter>Source Files</Filter>
    </ClCompile>
    <ClCompile Include="checkersScene.cpp">
      <Filter>Source Files</Filter>
    </ClCompile>
    <ClCompile Include="checkersSettings.cpp">
      <Filter>Source Files</Filter>
    </ClCompile>
    <ClCompile Include="geAnimation.cpp">
      <Filter>Source Files</Filter>
    </ClCompile>
    <ClCompile Include="geAppearance.cpp">
      <Filter>Source Files</Filter>
    </ClCompile>
    <ClCompile Include="geCamera.cpp">
      <Filter>Source Files</Filter>
    </ClCompile>
    <ClCompile Include="geException.cpp">
      <Filter>Source Files</Filter>
    </ClCompile>
    <ClCompile Include="geLight.cpp">
      <Filter>Source Files</Filter>
    </ClCompile>
    <ClCompile Include="gePrimitive.cpp">
      <Filter>Source Files</Filter>
    </ClCompile>
    <ClCompile Include="geShader.cpp">
      <Filter>Source Files</Filter>
    </ClCompile>
    <ClCompile Include="geSharedMethods.cpp">
      <Filter>Source Files</Filter>
    </ClCompile>
    <ClCompile Include="geTexture.cpp">
      <Filter>Source Files</Filter>
    </ClCompile>
    <ClCompile Include="geTransform.cpp">
      <Filter>Source Files</Filter>
    </ClCompile>
  </ItemGroup>
  <ItemGroup>
    <ClInclude Include="include\Checkers3D.hpp">
      <Filter>Header Files</Filter>
    </ClInclude>
    <ClInclude Include="include\checkersBackground.hpp">
      <Filter>Header Files</Filter>
    </ClInclude>
    <ClInclude Include="include\checkersBoard.hpp">
      <Filter>Header Files</Filter>
    </ClInclude>
    <ClInclude Include="include\checkersBoardOverlay.hpp">
      <Filter>Header Files</Filter>
    </ClInclude>
    <ClInclude Include="include\checkersGameScene.hpp">
      <Filter>Header Files</Filter>
    </ClInclude>
    <ClInclude Include="include\checkersIntroScene.hpp">
      <Filter>Header Files</Filter>
    </ClInclude>
    <ClInclude Include="include\checkersMenuScene.hpp">
      <Filter>Header Files</Filter>
    </ClInclude>
    <ClInclude Include="include\checkersPiece.hpp">
      <Filter>Header Files</Filter>
    </ClInclude>
    <ClInclude Include="include\checkersPlane.hpp">
      <Filter>Header Files</Filter>
    </ClInclude>
    <ClInclude Include="include\checkersScene.hpp">
      <Filter>Header Files</Filter>
    </ClInclude>
    <ClInclude Include="include\checkersSettings.hpp">
      <Filter>Header Files</Filter>
    </ClInclude>
    <ClInclude Include="include\geAnimation.hpp">
      <Filter>Header Files</Filter>
    </ClInclude>
    <ClInclude Include="include\geAppearance.hpp">
      <Filter>Header Files</Filter>
    </ClInclude>
    <ClInclude Include="include\geCamera.hpp">
      <Filter>Header Files</Filter>
    </ClInclude>
    <ClInclude Include="include\geException.hpp">
      <Filter>Header Files</Filter>
    </ClInclude>
    <ClInclude Include="include\geLight.hpp">
      <Filter>Header Files</Filter>
    </ClInclude>
    <ClInclude Include="include\gePrimitive.hpp">
      <Filter>Header Files</Filter>
    </ClInclude>
    <ClInclude Include="include\geShader.hpp">
      <Filter>Header Files</Filter>
    </ClInclude>
    <ClInclude Include="include\geSharedMethods.hpp">
      <Filter>Header Files</Filter>
    </ClInclude>
    <ClInclude Include="include\geTexture.hpp">
      <Filter>Header Files</Filter>
    </ClInclude>
    <ClInclude Include="include\geTransform.hpp">
      <Filter>Header Files</Filter>
    </ClInclude>
    <ClInclude Include="include\hoConstants.hpp">
      <Filter>Header Files</Filter>
    </ClInclude>
    <ClInclude Include="include\hoIncludes.hpp">
      <Filter>Header Files</Filter>
    </ClInclude>
    <ClInclude Include="include\hoStructs.hpp">
      <Filter>Header Files</Filter>
    </ClInclude>
  </ItemGroup>
</Project>